// !$*UTF8*$!
{
	archiveVersion = 1;
	classes = {
	};
	objectVersion = 77;
	objects = {

/* Begin PBXBuildFile section */
		8890EFF32D1588E300A4A06B /* WidgetKit.framework in Frameworks */ = {isa = PBXBuildFile; fileRef = 8890EFF22D1588E300A4A06B /* WidgetKit.framework */; };
		8890EFF52D1588E400A4A06B /* SwiftUI.framework in Frameworks */ = {isa = PBXBuildFile; fileRef = 8890EFF42D1588E300A4A06B /* SwiftUI.framework */; };
		8890F0002D1588E600A4A06B /* WaTerWidgetExtension.appex in Embed Foundation Extensions */ = {isa = PBXBuildFile; fileRef = 8890EFF02D1588E300A4A06B /* WaTerWidgetExtension.appex */; settings = {ATTRIBUTES = (RemoveHeadersOnCopy, ); }; };
/* End PBXBuildFile section */

/* Begin PBXContainerItemProxy section */
		8890EFFE2D1588E600A4A06B /* PBXContainerItemProxy */ = {
			isa = PBXContainerItemProxy;
			containerPortal = 8890EFC72D15863600A4A06B /* Project object */;
			proxyType = 1;
			remoteGlobalIDString = 8890EFEF2D1588E300A4A06B;
			remoteInfo = WaTerWidgetExtension;
		};
/* End PBXContainerItemProxy section */

/* Begin PBXCopyFilesBuildPhase section */
		8890F0052D1588E600A4A06B /* Embed Foundation Extensions */ = {
			isa = PBXCopyFilesBuildPhase;
			buildActionMask = 2147483647;
			dstPath = "";
			dstSubfolderSpec = 13;
			files = (
				8890F0002D1588E600A4A06B /* WaTerWidgetExtension.appex in Embed Foundation Extensions */,
			);
			name = "Embed Foundation Extensions";
			runOnlyForDeploymentPostprocessing = 0;
		};
/* End PBXCopyFilesBuildPhase section */

/* Begin PBXFileReference section */
		8890EFCF2D15863600A4A06B /* DropleT.app */ = {isa = PBXFileReference; explicitFileType = wrapper.application; includeInIndex = 0; path = DropleT.app; sourceTree = BUILT_PRODUCTS_DIR; };
		8890EFF02D1588E300A4A06B /* WaTerWidgetExtension.appex */ = {isa = PBXFileReference; explicitFileType = "wrapper.app-extension"; includeInIndex = 0; path = WaTerWidgetExtension.appex; sourceTree = BUILT_PRODUCTS_DIR; };
		8890EFF22D1588E300A4A06B /* WidgetKit.framework */ = {isa = PBXFileReference; lastKnownFileType = wrapper.framework; name = WidgetKit.framework; path = System/Library/Frameworks/WidgetKit.framework; sourceTree = SDKROOT; };
		8890EFF42D1588E300A4A06B /* SwiftUI.framework */ = {isa = PBXFileReference; lastKnownFileType = wrapper.framework; name = SwiftUI.framework; path = System/Library/Frameworks/SwiftUI.framework; sourceTree = SDKROOT; };
		8890F0122D159D2100A4A06B /* WaTerWidgetExtension.entitlements */ = {isa = PBXFileReference; lastKnownFileType = text.plist.entitlements; path = WaTerWidgetExtension.entitlements; sourceTree = "<group>"; };
/* End PBXFileReference section */

/* Begin PBXFileSystemSynchronizedBuildFileExceptionSet section */
		8890F0012D1588E600A4A06B /* Exceptions for "WaTerWidget" folder in "WaTerWidgetExtension" target */ = {
			isa = PBXFileSystemSynchronizedBuildFileExceptionSet;
			membershipExceptions = (
				Info.plist,
			);
			target = 8890EFEF2D1588E300A4A06B /* WaTerWidgetExtension */;
		};
		8890F00F2D158DBF00A4A06B /* Exceptions for "WaterTrackerr" folder in "WaTerWidgetExtension" target */ = {
			isa = PBXFileSystemSynchronizedBuildFileExceptionSet;
			membershipExceptions = (
				DropLet.swift,
				Model/DrinkRecord.swift,
				Model/PetModel.swift,
				Utils/HelperViews.swift,
				ViemModel/PetRepository.swift,
				ViemModel/ViewModel.swift,
				Views/AddDrinkView.swift,
				Views/ContentView.swift,
				Views/DashboardView.swift,
				Views/HistoryChartView.swift,
				Views/HistoryView.swift,
			);
			target = 8890EFEF2D1588E300A4A06B /* WaTerWidgetExtension */;
		};
		8890F0172D15AAA500A4A06B /* Exceptions for "WaTerWidget" folder in "DropleT" target */ = {
			isa = PBXFileSystemSynchronizedBuildFileExceptionSet;
			membershipExceptions = (
				DrinkIntents.swift,
			);
			target = 8890EFCE2D15863600A4A06B /* DropleT */;
		};
/* End PBXFileSystemSynchronizedBuildFileExceptionSet section */

/* Begin PBXFileSystemSynchronizedRootGroup section */
		8890EFD12D15863600A4A06B /* WaterTrackerr */ = {
			isa = PBXFileSystemSynchronizedRootGroup;
			exceptions = (
				8890F00F2D158DBF00A4A06B /* Exceptions for "WaterTrackerr" folder in "WaTerWidgetExtension" target */,
			);
			path = WaterTrackerr;
			sourceTree = "<group>";
		};
		8890EFF62D1588E400A4A06B /* WaTerWidget */ = {
			isa = PBXFileSystemSynchronizedRootGroup;
			exceptions = (
				8890F0172D15AAA500A4A06B /* Exceptions for "WaTerWidget" folder in "DropleT" target */,
				8890F0012D1588E600A4A06B /* Exceptions for "WaTerWidget" folder in "WaTerWidgetExtension" target */,
			);
			path = WaTerWidget;
			sourceTree = "<group>";
		};
/* End PBXFileSystemSynchronizedRootGroup section */

/* Begin PBXFrameworksBuildPhase section */
		8890EFCC2D15863600A4A06B /* Frameworks */ = {
			isa = PBXFrameworksBuildPhase;
			buildActionMask = 2147483647;
			files = (
			);
			runOnlyForDeploymentPostprocessing = 0;
		};
		8890EFED2D1588E300A4A06B /* Frameworks */ = {
			isa = PBXFrameworksBuildPhase;
			buildActionMask = 2147483647;
			files = (
				8890EFF52D1588E400A4A06B /* SwiftUI.framework in Frameworks */,
				8890EFF32D1588E300A4A06B /* WidgetKit.framework in Frameworks */,
			);
			runOnlyForDeploymentPostprocessing = 0;
		};
/* End PBXFrameworksBuildPhase section */

/* Begin PBXGroup section */
		8890EFC62D15863600A4A06B = {
			isa = PBXGroup;
			children = (
				8890F0122D159D2100A4A06B /* WaTerWidgetExtension.entitlements */,
				8890EFD12D15863600A4A06B /* WaterTrackerr */,
				8890EFF62D1588E400A4A06B /* WaTerWidget */,
				8890EFF12D1588E300A4A06B /* Frameworks */,
				8890EFD02D15863600A4A06B /* Products */,
			);
			sourceTree = "<group>";
		};
		8890EFD02D15863600A4A06B /* Products */ = {
			isa = PBXGroup;
			children = (
				8890EFCF2D15863600A4A06B /* DropleT.app */,
				8890EFF02D1588E300A4A06B /* WaTerWidgetExtension.appex */,
			);
			name = Products;
			sourceTree = "<group>";
		};
		8890EFF12D1588E300A4A06B /* Frameworks */ = {
			isa = PBXGroup;
			children = (
				8890EFF22D1588E300A4A06B /* WidgetKit.framework */,
				8890EFF42D1588E300A4A06B /* SwiftUI.framework */,
			);
			name = Frameworks;
			sourceTree = "<group>";
		};
/* End PBXGroup section */

/* Begin PBXNativeTarget section */
		8890EFCE2D15863600A4A06B /* DropleT */ = {
			isa = PBXNativeTarget;
			buildConfigurationList = 8890EFDF2D15863800A4A06B /* Build configuration list for PBXNativeTarget "DropleT" */;
			buildPhases = (
				8890EFCB2D15863600A4A06B /* Sources */,
				8890EFCC2D15863600A4A06B /* Frameworks */,
				8890EFCD2D15863600A4A06B /* Resources */,
				8890F0052D1588E600A4A06B /* Embed Foundation Extensions */,
			);
			buildRules = (
			);
			dependencies = (
				8890EFFF2D1588E600A4A06B /* PBXTargetDependency */,
			);
			fileSystemSynchronizedGroups = (
				8890EFD12D15863600A4A06B /* WaterTrackerr */,
			);
			name = DropleT;
			packageProductDependencies = (
			);
			productName = WaterTrackerr;
			productReference = 8890EFCF2D15863600A4A06B /* DropleT.app */;
			productType = "com.apple.product-type.application";
		};
		8890EFEF2D1588E300A4A06B /* WaTerWidgetExtension */ = {
			isa = PBXNativeTarget;
			buildConfigurationList = 8890F0022D1588E600A4A06B /* Build configuration list for PBXNativeTarget "WaTerWidgetExtension" */;
			buildPhases = (
				8890EFEC2D1588E300A4A06B /* Sources */,
				8890EFED2D1588E300A4A06B /* Frameworks */,
				8890EFEE2D1588E300A4A06B /* Resources */,
			);
			buildRules = (
			);
			dependencies = (
			);
			fileSystemSynchronizedGroups = (
				8890EFF62D1588E400A4A06B /* WaTerWidget */,
			);
			name = WaTerWidgetExtension;
			packageProductDependencies = (
			);
			productName = WaTerWidgetExtension;
			productReference = 8890EFF02D1588E300A4A06B /* WaTerWidgetExtension.appex */;
			productType = "com.apple.product-type.app-extension";
		};
/* End PBXNativeTarget section */

/* Begin PBXProject section */
		8890EFC72D15863600A4A06B /* Project object */ = {
			isa = PBXProject;
			attributes = {
				BuildIndependentTargetsInParallel = 1;
				LastSwiftUpdateCheck = 1610;
				LastUpgradeCheck = 1610;
				TargetAttributes = {
					8890EFCE2D15863600A4A06B = {
						CreatedOnToolsVersion = 16.1;
					};
					8890EFEF2D1588E300A4A06B = {
						CreatedOnToolsVersion = 16.1;
					};
				};
			};
			buildConfigurationList = 8890EFCA2D15863600A4A06B /* Build configuration list for PBXProject "DropleT" */;
			developmentRegion = en;
			hasScannedForEncodings = 0;
			knownRegions = (
				en,
				Base,
			);
			mainGroup = 8890EFC62D15863600A4A06B;
			minimizedProjectReferenceProxies = 1;
			preferredProjectObjectVersion = 77;
			productRefGroup = 8890EFD02D15863600A4A06B /* Products */;
			projectDirPath = "";
			projectRoot = "";
			targets = (
				8890EFCE2D15863600A4A06B /* DropleT */,
				8890EFEF2D1588E300A4A06B /* WaTerWidgetExtension */,
			);
		};
/* End PBXProject section */

/* Begin PBXResourcesBuildPhase section */
		8890EFCD2D15863600A4A06B /* Resources */ = {
			isa = PBXResourcesBuildPhase;
			buildActionMask = 2147483647;
			files = (
			);
			runOnlyForDeploymentPostprocessing = 0;
		};
		8890EFEE2D1588E300A4A06B /* Resources */ = {
			isa = PBXResourcesBuildPhase;
			buildActionMask = 2147483647;
			files = (
			);
			runOnlyForDeploymentPostprocessing = 0;
		};
/* End PBXResourcesBuildPhase section */

/* Begin PBXSourcesBuildPhase section */
		8890EFCB2D15863600A4A06B /* Sources */ = {
			isa = PBXSourcesBuildPhase;
			buildActionMask = 2147483647;
			files = (
			);
			runOnlyForDeploymentPostprocessing = 0;
		};
		8890EFEC2D1588E300A4A06B /* Sources */ = {
			isa = PBXSourcesBuildPhase;
			buildActionMask = 2147483647;
			files = (
			);
			runOnlyForDeploymentPostprocessing = 0;
		};
/* End PBXSourcesBuildPhase section */

/* Begin PBXTargetDependency section */
		8890EFFF2D1588E600A4A06B /* PBXTargetDependency */ = {
			isa = PBXTargetDependency;
			target = 8890EFEF2D1588E300A4A06B /* WaTerWidgetExtension */;
			targetProxy = 8890EFFE2D1588E600A4A06B /* PBXContainerItemProxy */;
		};
/* End PBXTargetDependency section */

/* Begin XCBuildConfiguration section */
		8890EFDD2D15863800A4A06B /* Debug */ = {
			isa = XCBuildConfiguration;
			buildSettings = {
				ALWAYS_SEARCH_USER_PATHS = NO;
				ASSETCATALOG_COMPILER_GENERATE_SWIFT_ASSET_SYMBOL_EXTENSIONS = YES;
				CLANG_ANALYZER_NONNULL = YES;
				CLANG_ANALYZER_NUMBER_OBJECT_CONVERSION = YES_AGGRESSIVE;
				CLANG_CXX_LANGUAGE_STANDARD = "gnu++20";
				CLANG_ENABLE_MODULES = YES;
				CLANG_ENABLE_OBJC_ARC = YES;
				CLANG_ENABLE_OBJC_WEAK = YES;
				CLANG_WARN_BLOCK_CAPTURE_AUTORELEASING = YES;
				CLANG_WARN_BOOL_CONVERSION = YES;
				CLANG_WARN_COMMA = YES;
				CLANG_WARN_CONSTANT_CONVERSION = YES;
				CLANG_WARN_DEPRECATED_OBJC_IMPLEMENTATIONS = YES;
				CLANG_WARN_DIRECT_OBJC_ISA_USAGE = YES_ERROR;
				CLANG_WARN_DOCUMENTATION_COMMENTS = YES;
				CLANG_WARN_EMPTY_BODY = YES;
				CLANG_WARN_ENUM_CONVERSION = YES;
				CLANG_WARN_INFINITE_RECURSION = YES;
				CLANG_WARN_INT_CONVERSION = YES;
				CLANG_WARN_NON_LITERAL_NULL_CONVERSION = YES;
				CLANG_WARN_OBJC_IMPLICIT_RETAIN_SELF = YES;
				CLANG_WARN_OBJC_LITERAL_CONVERSION = YES;
				CLANG_WARN_OBJC_ROOT_CLASS = YES_ERROR;
				CLANG_WARN_QUOTED_INCLUDE_IN_FRAMEWORK_HEADER = YES;
				CLANG_WARN_RANGE_LOOP_ANALYSIS = YES;
				CLANG_WARN_STRICT_PROTOTYPES = YES;
				CLANG_WARN_SUSPICIOUS_MOVE = YES;
				CLANG_WARN_UNGUARDED_AVAILABILITY = YES_AGGRESSIVE;
				CLANG_WARN_UNREACHABLE_CODE = YES;
				CLANG_WARN__DUPLICATE_METHOD_MATCH = YES;
				COPY_PHASE_STRIP = NO;
				DEBUG_INFORMATION_FORMAT = dwarf;
				ENABLE_STRICT_OBJC_MSGSEND = YES;
				ENABLE_TESTABILITY = YES;
				ENABLE_USER_SCRIPT_SANDBOXING = YES;
				GCC_C_LANGUAGE_STANDARD = gnu17;
				GCC_DYNAMIC_NO_PIC = NO;
				GCC_NO_COMMON_BLOCKS = YES;
				GCC_OPTIMIZATION_LEVEL = 0;
				GCC_PREPROCESSOR_DEFINITIONS = (
					"DEBUG=1",
					"$(inherited)",
				);
				GCC_WARN_64_TO_32_BIT_CONVERSION = YES;
				GCC_WARN_ABOUT_RETURN_TYPE = YES_ERROR;
				GCC_WARN_UNDECLARED_SELECTOR = YES;
				GCC_WARN_UNINITIALIZED_AUTOS = YES_AGGRESSIVE;
				GCC_WARN_UNUSED_FUNCTION = YES;
				GCC_WARN_UNUSED_VARIABLE = YES;
				IPHONEOS_DEPLOYMENT_TARGET = 18.1;
				LOCALIZATION_PREFERS_STRING_CATALOGS = YES;
				MTL_ENABLE_DEBUG_INFO = INCLUDE_SOURCE;
				MTL_FAST_MATH = YES;
				ONLY_ACTIVE_ARCH = YES;
				SDKROOT = iphoneos;
				SWIFT_ACTIVE_COMPILATION_CONDITIONS = "DEBUG $(inherited)";
				SWIFT_OPTIMIZATION_LEVEL = "-Onone";
			};
			name = Debug;
		};
		8890EFDE2D15863800A4A06B /* Release */ = {
			isa = XCBuildConfiguration;
			buildSettings = {
				ALWAYS_SEARCH_USER_PATHS = NO;
				ASSETCATALOG_COMPILER_GENERATE_SWIFT_ASSET_SYMBOL_EXTENSIONS = YES;
				CLANG_ANALYZER_NONNULL = YES;
				CLANG_ANALYZER_NUMBER_OBJECT_CONVERSION = YES_AGGRESSIVE;
				CLANG_CXX_LANGUAGE_STANDARD = "gnu++20";
				CLANG_ENABLE_MODULES = YES;
				CLANG_ENABLE_OBJC_ARC = YES;
				CLANG_ENABLE_OBJC_WEAK = YES;
				CLANG_WARN_BLOCK_CAPTURE_AUTORELEASING = YES;
				CLANG_WARN_BOOL_CONVERSION = YES;
				CLANG_WARN_COMMA = YES;
				CLANG_WARN_CONSTANT_CONVERSION = YES;
				CLANG_WARN_DEPRECATED_OBJC_IMPLEMENTATIONS = YES;
				CLANG_WARN_DIRECT_OBJC_ISA_USAGE = YES_ERROR;
				CLANG_WARN_DOCUMENTATION_COMMENTS = YES;
				CLANG_WARN_EMPTY_BODY = YES;
				CLANG_WARN_ENUM_CONVERSION = YES;
				CLANG_WARN_INFINITE_RECURSION = YES;
				CLANG_WARN_INT_CONVERSION = YES;
				CLANG_WARN_NON_LITERAL_NULL_CONVERSION = YES;
				CLANG_WARN_OBJC_IMPLICIT_RETAIN_SELF = YES;
				CLANG_WARN_OBJC_LITERAL_CONVERSION = YES;
				CLANG_WARN_OBJC_ROOT_CLASS = YES_ERROR;
				CLANG_WARN_QUOTED_INCLUDE_IN_FRAMEWORK_HEADER = YES;
				CLANG_WARN_RANGE_LOOP_ANALYSIS = YES;
				CLANG_WARN_STRICT_PROTOTYPES = YES;
				CLANG_WARN_SUSPICIOUS_MOVE = YES;
				CLANG_WARN_UNGUARDED_AVAILABILITY = YES_AGGRESSIVE;
				CLANG_WARN_UNREACHABLE_CODE = YES;
				CLANG_WARN__DUPLICATE_METHOD_MATCH = YES;
				COPY_PHASE_STRIP = NO;
				DEBUG_INFORMATION_FORMAT = "dwarf-with-dsym";
				ENABLE_NS_ASSERTIONS = NO;
				ENABLE_STRICT_OBJC_MSGSEND = YES;
				ENABLE_USER_SCRIPT_SANDBOXING = YES;
				GCC_C_LANGUAGE_STANDARD = gnu17;
				GCC_NO_COMMON_BLOCKS = YES;
				GCC_WARN_64_TO_32_BIT_CONVERSION = YES;
				GCC_WARN_ABOUT_RETURN_TYPE = YES_ERROR;
				GCC_WARN_UNDECLARED_SELECTOR = YES;
				GCC_WARN_UNINITIALIZED_AUTOS = YES_AGGRESSIVE;
				GCC_WARN_UNUSED_FUNCTION = YES;
				GCC_WARN_UNUSED_VARIABLE = YES;
				IPHONEOS_DEPLOYMENT_TARGET = 18.1;
				LOCALIZATION_PREFERS_STRING_CATALOGS = YES;
				MTL_ENABLE_DEBUG_INFO = NO;
				MTL_FAST_MATH = YES;
				SDKROOT = iphoneos;
				SWIFT_COMPILATION_MODE = wholemodule;
				VALIDATE_PRODUCT = YES;
			};
			name = Release;
		};
		8890EFE02D15863800A4A06B /* Debug */ = {
			isa = XCBuildConfiguration;
			buildSettings = {
				ASSETCATALOG_COMPILER_APPICON_NAME = AppIcon;
				ASSETCATALOG_COMPILER_GLOBAL_ACCENT_COLOR_NAME = AccentColor;
				CODE_SIGN_ENTITLEMENTS = WaterTrackerr/WaterTrackerr.entitlements;
				CODE_SIGN_STYLE = Automatic;
				CURRENT_PROJECT_VERSION = 1;
				DEVELOPMENT_ASSET_PATHS = "\"WaterTrackerr/Preview Content\"";
				DEVELOPMENT_TEAM = B67LY5435D;
				ENABLE_PREVIEWS = YES;
				GENERATE_INFOPLIST_FILE = YES;
				INFOPLIST_KEY_UIApplicationSceneManifest_Generation = YES;
				INFOPLIST_KEY_UIApplicationSupportsIndirectInputEvents = YES;
				INFOPLIST_KEY_UILaunchScreen_Generation = YES;
				INFOPLIST_KEY_UISupportedInterfaceOrientations_iPad = "UIInterfaceOrientationPortrait UIInterfaceOrientationPortraitUpsideDown UIInterfaceOrientationLandscapeLeft UIInterfaceOrientationLandscapeRight";
				INFOPLIST_KEY_UISupportedInterfaceOrientations_iPhone = "UIInterfaceOrientationPortrait UIInterfaceOrientationLandscapeLeft UIInterfaceOrientationLandscapeRight";
				LD_RUNPATH_SEARCH_PATHS = (
					"$(inherited)",
					"@executable_path/Frameworks",
				);
				MARKETING_VERSION = 1.0;
				PRODUCT_BUNDLE_IDENTIFIER = com.Aniket.kumar.WaterTrackerr;
				PRODUCT_NAME = "$(TARGET_NAME)";
				SWIFT_EMIT_LOC_STRINGS = YES;
				SWIFT_VERSION = 5.0;
				TARGETED_DEVICE_FAMILY = "1,2";
			};
			name = Debug;
		};
		8890EFE12D15863800A4A06B /* Release */ = {
			isa = XCBuildConfiguration;
			buildSettings = {
				ASSETCATALOG_COMPILER_APPICON_NAME = AppIcon;
				ASSETCATALOG_COMPILER_GLOBAL_ACCENT_COLOR_NAME = AccentColor;
				CODE_SIGN_ENTITLEMENTS = WaterTrackerr/WaterTrackerr.entitlements;
				CODE_SIGN_STYLE = Automatic;
				CURRENT_PROJECT_VERSION = 1;
				DEVELOPMENT_ASSET_PATHS = "\"WaterTrackerr/Preview Content\"";
				DEVELOPMENT_TEAM = B67LY5435D;
				ENABLE_PREVIEWS = YES;
				GENERATE_INFOPLIST_FILE = YES;
				INFOPLIST_KEY_UIApplicationSceneManifest_Generation = YES;
				INFOPLIST_KEY_UIApplicationSupportsIndirectInputEvents = YES;
				INFOPLIST_KEY_UILaunchScreen_Generation = YES;
				INFOPLIST_KEY_UISupportedInterfaceOrientations_iPad = "UIInterfaceOrientationPortrait UIInterfaceOrientationPortraitUpsideDown UIInterfaceOrientationLandscapeLeft UIInterfaceOrientationLandscapeRight";
				INFOPLIST_KEY_UISupportedInterfaceOrientations_iPhone = "UIInterfaceOrientationPortrait UIInterfaceOrientationLandscapeLeft UIInterfaceOrientationLandscapeRight";
				LD_RUNPATH_SEARCH_PATHS = (
					"$(inherited)",
					"@executable_path/Frameworks",
				);
				MARKETING_VERSION = 1.0;
				PRODUCT_BUNDLE_IDENTIFIER = com.Aniket.kumar.WaterTrackerr;
				PRODUCT_NAME = "$(TARGET_NAME)";
				SWIFT_EMIT_LOC_STRINGS = YES;
				SWIFT_VERSION = 5.0;
				TARGETED_DEVICE_FAMILY = "1,2";
			};
			name = Release;
		};
		8890F0032D1588E600A4A06B /* Debug */ = {
			isa = XCBuildConfiguration;
			buildSettings = {
				ASSETCATALOG_COMPILER_GLOBAL_ACCENT_COLOR_NAME = AccentColor;
				ASSETCATALOG_COMPILER_WIDGET_BACKGROUND_COLOR_NAME = WidgetBackground;
				CODE_SIGN_ENTITLEMENTS = WaTerWidgetExtension.entitlements;
				CODE_SIGN_STYLE = Automatic;
				CURRENT_PROJECT_VERSION = 1;
				DEVELOPMENT_TEAM = B67LY5435D;
				GENERATE_INFOPLIST_FILE = YES;
				INFOPLIST_FILE = WaTerWidget/Info.plist;
				INFOPLIST_KEY_CFBundleDisplayName = WaTerWidget;
				INFOPLIST_KEY_NSHumanReadableCopyright = "";
				LD_RUNPATH_SEARCH_PATHS = (
					"$(inherited)",
					"@executable_path/Frameworks",
					"@executable_path/../../Frameworks",
				);
				MARKETING_VERSION = 1.0;
				PRODUCT_BUNDLE_IDENTIFIER = com.Aniket.kumar.WaterTrackerr.WaTerWidget;
				PRODUCT_NAME = "$(TARGET_NAME)";
				SKIP_INSTALL = YES;
				SWIFT_EMIT_LOC_STRINGS = YES;
				SWIFT_VERSION = 5.0;
				TARGETED_DEVICE_FAMILY = "1,2";
			};
			name = Debug;
		};
		8890F0042D1588E600A4A06B /* Release */ = {
			isa = XCBuildConfiguration;
			buildSettings = {
				ASSETCATALOG_COMPILER_GLOBAL_ACCENT_COLOR_NAME = AccentColor;
				ASSETCATALOG_COMPILER_WIDGET_BACKGROUND_COLOR_NAME = WidgetBackground;
				CODE_SIGN_ENTITLEMENTS = WaTerWidgetExtension.entitlements;
				CODE_SIGN_STYLE = Automatic;
				CURRENT_PROJECT_VERSION = 1;
				DEVELOPMENT_TEAM = B67LY5435D;
				GENERATE_INFOPLIST_FILE = YES;
				INFOPLIST_FILE = WaTerWidget/Info.plist;
				INFOPLIST_KEY_CFBundleDisplayName = WaTerWidget;
				INFOPLIST_KEY_NSHumanReadableCopyright = "";
				LD_RUNPATH_SEARCH_PATHS = (
					"$(inherited)",
					"@executable_path/Frameworks",
					"@executable_path/../../Frameworks",
				);
				MARKETING_VERSION = 1.0;
				PRODUCT_BUNDLE_IDENTIFIER = com.Aniket.kumar.WaterTrackerr.WaTerWidget;
				PRODUCT_NAME = "$(TARGET_NAME)";
				SKIP_INSTALL = YES;
				SWIFT_EMIT_LOC_STRINGS = YES;
				SWIFT_VERSION = 5.0;
				TARGETED_DEVICE_FAMILY = "1,2";
			};
			name = Release;
		};
/* End XCBuildConfiguration section */

/* Begin XCConfigurationList section */
		8890EFCA2D15863600A4A06B /* Build configuration list for PBXProject "DropleT" */ = {
			isa = XCConfigurationList;
			buildConfigurations = (
				8890EFDD2D15863800A4A06B /* Debug */,
				8890EFDE2D15863800A4A06B /* Release */,
			);
			defaultConfigurationIsVisible = 0;
			defaultConfigurationName = Release;
		};
		8890EFDF2D15863800A4A06B /* Build configuration list for PBXNativeTarget "DropleT" */ = {
			isa = XCConfigurationList;
			buildConfigurations = (
				8890EFE02D15863800A4A06B /* Debug */,
				8890EFE12D15863800A4A06B /* Release */,
			);
			defaultConfigurationIsVisible = 0;
			defaultConfigurationName = Release;
		};
		8890F0022D1588E600A4A06B /* Build configuration list for PBXNativeTarget "WaTerWidgetExtension" */ = {
			isa = XCConfigurationList;
			buildConfigurations = (
				8890F0032D1588E600A4A06B /* Debug */,
				8890F0042D1588E600A4A06B /* Release */,
			);
			defaultConfigurationIsVisible = 0;
			defaultConfigurationName = Release;
		};
/* End XCConfigurationList section */
	};
	rootObject = 8890EFC72D15863600A4A06B /* Project object */;
}
