{
  "originHash" : "6d3a9e835261314fde34d3c4ae4d99cadfe8ac3bd740b573c4f74fb106943482",
  "pins" : [
    {
      "identity" : "simplecameralibrary",
      "kind" : "remoteSourceControl",
      "location" : "https://github.com/AniketKumar090/SimpleCameraLibrary",
      "state" : {
        "branch" : "main",
        "revision" : "a1f3d21e96ae1db9f192ad33705b08e271012226"
      }
    }
  ],
  "version" : 3
}
